
Microsoft Visual Studio Solution File, Format Version 12.00
# Visual Studio Version 17
VisualStudioVersion = 17.9.34714.143
MinimumVisualStudioVersion = 10.0.40219.1
Project("{FAE04EC0-301F-11D3-BF4B-00C04F79EFBC}") = "Lab1Q", "Lab1Q\Lab1Q.csproj", "{4D6679F7-8C40-4BCE-8BE9-981379666BDA}"
EndProject
Global
	GlobalSection(SolutionConfigurationPlatforms) = preSolution
		Debug|Any CPU = Debug|Any CPU
		Release|Any CPU = Release|Any CPU
	EndGlobalSection
	GlobalSection(ProjectConfigurationPlatforms) = postSolution
		{4D6679F7-8C40-4BCE-8BE9-981379666BDA}.Debug|Any CPU.ActiveCfg = Debug|Any CPU
		{4D6679F7-8C40-4BCE-8BE9-981379666BDA}.Debug|Any CPU.Build.0 = Debug|Any CPU
		{4D6679F7-8C40-4BCE-8BE9-981379666BDA}.Release|Any CPU.ActiveCfg = Release|Any CPU
		{4D6679F7-8C40-4BCE-8BE9-981379666BDA}.Release|Any CPU.Build.0 = Release|Any CPU
	EndGlobalSection
	GlobalSection(SolutionProperties) = preSolution
		HideSolutionNode = FALSE
	EndGlobalSection
	GlobalSection(ExtensibilityGlobals) = postSolution
		SolutionGuid = {40EE9A50-5AA7-4C55-80B0-E08165C7C64E}
	EndGlobalSection
EndGlobal
